
Microsoft Visual Studio Solution File, Format Version 12.00
# Visual Studio Version 17
VisualStudioVersion = 17.5.002.0
MinimumVisualStudioVersion = 10.0.40219.1
Project("{9A19103F-16F7-4668-BE54-9A1E7A4F7556}") = "Exercise01", "Exercise01.csproj", "{6940D248-DC23-4183-8596-74072D3D4AE4}"
EndProject
Global
	GlobalSection(SolutionConfigurationPlatforms) = preSolution
		Debug|Any CPU = Debug|Any CPU
		Release|Any CPU = Release|Any CPU
	EndGlobalSection
	GlobalSection(ProjectConfigurationPlatforms) = postSolution
		{6940D248-DC23-4183-8596-74072D3D4AE4}.Debug|Any CPU.ActiveCfg = Debug|Any CPU
		{6940D248-DC23-4183-8596-74072D3D4AE4}.Debug|Any CPU.Build.0 = Debug|Any CPU
		{6940D248-DC23-4183-8596-74072D3D4AE4}.Release|Any CPU.ActiveCfg = Release|Any CPU
		{6940D248-DC23-4183-8596-74072D3D4AE4}.Release|Any CPU.Build.0 = Release|Any CPU
	EndGlobalSection
	GlobalSection(SolutionProperties) = preSolution
		HideSolutionNode = FALSE
	EndGlobalSection
	GlobalSection(ExtensibilityGlobals) = postSolution
		SolutionGuid = {14E60A67-1A16-4E7B-A6DC-FA8659AD5020}
	EndGlobalSection
EndGlobal
