
Microsoft Visual Studio Solution File, Format Version 12.00
# Visual Studio Version 17
VisualStudioVersion = 17.5.002.0
MinimumVisualStudioVersion = 10.0.40219.1
Project("{9A19103F-16F7-4668-BE54-9A1E7A4F7556}") = "PesquisaBinaria", "PesquisaBinaria.csproj", "{C88E73A4-10B5-4BC0-B75C-AB5F60472994}"
EndProject
Global
	GlobalSection(SolutionConfigurationPlatforms) = preSolution
		Debug|Any CPU = Debug|Any CPU
		Release|Any CPU = Release|Any CPU
	EndGlobalSection
	GlobalSection(ProjectConfigurationPlatforms) = postSolution
		{C88E73A4-10B5-4BC0-B75C-AB5F60472994}.Debug|Any CPU.ActiveCfg = Debug|Any CPU
		{C88E73A4-10B5-4BC0-B75C-AB5F60472994}.Debug|Any CPU.Build.0 = Debug|Any CPU
		{C88E73A4-10B5-4BC0-B75C-AB5F60472994}.Release|Any CPU.ActiveCfg = Release|Any CPU
		{C88E73A4-10B5-4BC0-B75C-AB5F60472994}.Release|Any CPU.Build.0 = Release|Any CPU
	EndGlobalSection
	GlobalSection(SolutionProperties) = preSolution
		HideSolutionNode = FALSE
	EndGlobalSection
	GlobalSection(ExtensibilityGlobals) = postSolution
		SolutionGuid = {1E55979C-B0B4-4AC2-8E1B-C4D813F3A047}
	EndGlobalSection
EndGlobal
