
Microsoft Visual Studio Solution File, Format Version 12.00
# Visual Studio Version 17
VisualStudioVersion = 17.5.002.0
MinimumVisualStudioVersion = 10.0.40219.1
Project("{9A19103F-16F7-4668-BE54-9A1E7A4F7556}") = "ValidaEmail", "ValidaEmail.csproj", "{419F64F3-2CA9-47D9-91F6-9CFC043CE748}"
EndProject
Global
	GlobalSection(SolutionConfigurationPlatforms) = preSolution
		Debug|Any CPU = Debug|Any CPU
		Release|Any CPU = Release|Any CPU
	EndGlobalSection
	GlobalSection(ProjectConfigurationPlatforms) = postSolution
		{419F64F3-2CA9-47D9-91F6-9CFC043CE748}.Debug|Any CPU.ActiveCfg = Debug|Any CPU
		{419F64F3-2CA9-47D9-91F6-9CFC043CE748}.Debug|Any CPU.Build.0 = Debug|Any CPU
		{419F64F3-2CA9-47D9-91F6-9CFC043CE748}.Release|Any CPU.ActiveCfg = Release|Any CPU
		{419F64F3-2CA9-47D9-91F6-9CFC043CE748}.Release|Any CPU.Build.0 = Release|Any CPU
	EndGlobalSection
	GlobalSection(SolutionProperties) = preSolution
		HideSolutionNode = FALSE
	EndGlobalSection
	GlobalSection(ExtensibilityGlobals) = postSolution
		SolutionGuid = {0B0DCEE1-DBE5-444B-9F0E-757D7E8DCB2F}
	EndGlobalSection
EndGlobal
