
Microsoft Visual Studio Solution File, Format Version 12.00
# Visual Studio Version 17
VisualStudioVersion = 17.5.002.0
MinimumVisualStudioVersion = 10.0.40219.1
Project("{9A19103F-16F7-4668-BE54-9A1E7A4F7556}") = "novidades-csharp12", "novidades-csharp12.csproj", "{85E29349-A971-4795-AC09-A00243AAE4EF}"
EndProject
Global
	GlobalSection(SolutionConfigurationPlatforms) = preSolution
		Debug|Any CPU = Debug|Any CPU
		Release|Any CPU = Release|Any CPU
	EndGlobalSection
	GlobalSection(ProjectConfigurationPlatforms) = postSolution
		{85E29349-A971-4795-AC09-A00243AAE4EF}.Debug|Any CPU.ActiveCfg = Debug|Any CPU
		{85E29349-A971-4795-AC09-A00243AAE4EF}.Debug|Any CPU.Build.0 = Debug|Any CPU
		{85E29349-A971-4795-AC09-A00243AAE4EF}.Release|Any CPU.ActiveCfg = Release|Any CPU
		{85E29349-A971-4795-AC09-A00243AAE4EF}.Release|Any CPU.Build.0 = Release|Any CPU
	EndGlobalSection
	GlobalSection(SolutionProperties) = preSolution
		HideSolutionNode = FALSE
	EndGlobalSection
	GlobalSection(ExtensibilityGlobals) = postSolution
		SolutionGuid = {2A23CE9C-44F0-4A86-BCBC-DE1FBD65C25A}
	EndGlobalSection
EndGlobal
