
Microsoft Visual Studio Solution File, Format Version 12.00
# Visual Studio Version 17
VisualStudioVersion = 17.5.002.0
MinimumVisualStudioVersion = 10.0.40219.1
Project("{9A19103F-16F7-4668-BE54-9A1E7A4F7556}") = "MaiorEMenorNumero", "MaiorEMenorNumero.csproj", "{C0EB4D1A-F587-45DE-8493-6F25DC1A97BA}"
EndProject
Global
	GlobalSection(SolutionConfigurationPlatforms) = preSolution
		Debug|Any CPU = Debug|Any CPU
		Release|Any CPU = Release|Any CPU
	EndGlobalSection
	GlobalSection(ProjectConfigurationPlatforms) = postSolution
		{C0EB4D1A-F587-45DE-8493-6F25DC1A97BA}.Debug|Any CPU.ActiveCfg = Debug|Any CPU
		{C0EB4D1A-F587-45DE-8493-6F25DC1A97BA}.Debug|Any CPU.Build.0 = Debug|Any CPU
		{C0EB4D1A-F587-45DE-8493-6F25DC1A97BA}.Release|Any CPU.ActiveCfg = Release|Any CPU
		{C0EB4D1A-F587-45DE-8493-6F25DC1A97BA}.Release|Any CPU.Build.0 = Release|Any CPU
	EndGlobalSection
	GlobalSection(SolutionProperties) = preSolution
		HideSolutionNode = FALSE
	EndGlobalSection
	GlobalSection(ExtensibilityGlobals) = postSolution
		SolutionGuid = {EFDF1F06-2714-4446-8BD7-F1F37A4B53CB}
	EndGlobalSection
EndGlobal
