
Microsoft Visual Studio Solution File, Format Version 12.00
# Visual Studio Version 17
VisualStudioVersion = 17.9.34723.18
MinimumVisualStudioVersion = 10.0.40219.1
Project("{FAE04EC0-301F-11D3-BF4B-00C04F79EFBC}") = "MvcMovie", "MvcMovie\MvcMovie.csproj", "{A671DB83-09A2-4A7D-BC38-3BB658331A78}"
EndProject
Global
	GlobalSection(SolutionConfigurationPlatforms) = preSolution
		Debug|Any CPU = Debug|Any CPU
		Release|Any CPU = Release|Any CPU
	EndGlobalSection
	GlobalSection(ProjectConfigurationPlatforms) = postSolution
		{A671DB83-09A2-4A7D-BC38-3BB658331A78}.Debug|Any CPU.ActiveCfg = Debug|Any CPU
		{A671DB83-09A2-4A7D-BC38-3BB658331A78}.Debug|Any CPU.Build.0 = Debug|Any CPU
		{A671DB83-09A2-4A7D-BC38-3BB658331A78}.Release|Any CPU.ActiveCfg = Release|Any CPU
		{A671DB83-09A2-4A7D-BC38-3BB658331A78}.Release|Any CPU.Build.0 = Release|Any CPU
	EndGlobalSection
	GlobalSection(SolutionProperties) = preSolution
		HideSolutionNode = FALSE
	EndGlobalSection
	GlobalSection(ExtensibilityGlobals) = postSolution
		SolutionGuid = {2DBC3C86-2FFB-43B9-937F-6D6A63DA1768}
	EndGlobalSection
EndGlobal
