
Microsoft Visual Studio Solution File, Format Version 12.00
# Visual Studio Version 17
VisualStudioVersion = 17.5.002.0
MinimumVisualStudioVersion = 10.0.40219.1
Project("{9A19103F-16F7-4668-BE54-9A1E7A4F7556}") = "Mini_Sistema_Tempo_Real", "Mini_Sistema_Tempo_Real.csproj", "{EA139914-CAC0-4F15-9E52-A3FE78A83029}"
EndProject
Global
	GlobalSection(SolutionConfigurationPlatforms) = preSolution
		Debug|Any CPU = Debug|Any CPU
		Release|Any CPU = Release|Any CPU
	EndGlobalSection
	GlobalSection(ProjectConfigurationPlatforms) = postSolution
		{EA139914-CAC0-4F15-9E52-A3FE78A83029}.Debug|Any CPU.ActiveCfg = Debug|Any CPU
		{EA139914-CAC0-4F15-9E52-A3FE78A83029}.Debug|Any CPU.Build.0 = Debug|Any CPU
		{EA139914-CAC0-4F15-9E52-A3FE78A83029}.Release|Any CPU.ActiveCfg = Release|Any CPU
		{EA139914-CAC0-4F15-9E52-A3FE78A83029}.Release|Any CPU.Build.0 = Release|Any CPU
	EndGlobalSection
	GlobalSection(SolutionProperties) = preSolution
		HideSolutionNode = FALSE
	EndGlobalSection
	GlobalSection(ExtensibilityGlobals) = postSolution
		SolutionGuid = {6874C4F8-4557-4EA1-84E8-6F7F8227E93E}
	EndGlobalSection
EndGlobal
