
Microsoft Visual Studio Solution File, Format Version 12.00
# Visual Studio Version 17
VisualStudioVersion = 17.5.002.0
MinimumVisualStudioVersion = 10.0.40219.1
Project("{9A19103F-16F7-4668-BE54-9A1E7A4F7556}") = "somaDeNumerosParesDeUmaLista", "somaDeNumerosParesDeUmaLista.csproj", "{5C558995-B9A4-4E34-BD9E-663329B0381D}"
EndProject
Global
	GlobalSection(SolutionConfigurationPlatforms) = preSolution
		Debug|Any CPU = Debug|Any CPU
		Release|Any CPU = Release|Any CPU
	EndGlobalSection
	GlobalSection(ProjectConfigurationPlatforms) = postSolution
		{5C558995-B9A4-4E34-BD9E-663329B0381D}.Debug|Any CPU.ActiveCfg = Debug|Any CPU
		{5C558995-B9A4-4E34-BD9E-663329B0381D}.Debug|Any CPU.Build.0 = Debug|Any CPU
		{5C558995-B9A4-4E34-BD9E-663329B0381D}.Release|Any CPU.ActiveCfg = Release|Any CPU
		{5C558995-B9A4-4E34-BD9E-663329B0381D}.Release|Any CPU.Build.0 = Release|Any CPU
	EndGlobalSection
	GlobalSection(SolutionProperties) = preSolution
		HideSolutionNode = FALSE
	EndGlobalSection
	GlobalSection(ExtensibilityGlobals) = postSolution
		SolutionGuid = {7A34FDA5-0F0D-49B8-863A-1DECF8DB595C}
	EndGlobalSection
EndGlobal
